// !$*UTF8*$!
{
	archiveVersion = 1;
	classes = {
	};
	objectVersion = 46;
	objects = {

/* Begin PBXBuildFile section */
		49AC8C871D5B8C6A0026D9CF /* AppDelegate.swift in Sources */ = {isa = PBXBuildFile; fileRef = 49AC8C861D5B8C6A0026D9CF /* AppDelegate.swift */; };
		49AC8C8C1D5B8C6A0026D9CF /* Main.storyboard in Resources */ = {isa = PBXBuildFile; fileRef = 49AC8C8A1D5B8C6A0026D9CF /* Main.storyboard */; };
		49AC8C8E1D5B8C6A0026D9CF /* Assets.xcassets in Resources */ = {isa = PBXBuildFile; fileRef = 49AC8C8D1D5B8C6A0026D9CF /* Assets.xcassets */; };
		49AC8C911D5B8C6A0026D9CF /* LaunchScreen.storyboard in Resources */ = {isa = PBXBuildFile; fileRef = 49AC8C8F1D5B8C6A0026D9CF /* LaunchScreen.storyboard */; };
		49AC8C9C1D5B8C6B0026D9CF /* GetSwiftyTests.swift in Sources */ = {isa = PBXBuildFile; fileRef = 49AC8C9B1D5B8C6B0026D9CF /* GetSwiftyTests.swift */; };
		49AC8CA71D5B8C6B0026D9CF /* GetSwiftyUITests.swift in Sources */ = {isa = PBXBuildFile; fileRef = 49AC8CA61D5B8C6B0026D9CF /* GetSwiftyUITests.swift */; };
/* End PBXBuildFile section */

/* Begin PBXContainerItemProxy section */
		49AC8C981D5B8C6B0026D9CF /* PBXContainerItemProxy */ = {
			isa = PBXContainerItemProxy;
			containerPortal = 49AC8C7B1D5B8C6A0026D9CF /* Project object */;
			proxyType = 1;
			remoteGlobalIDString = 49AC8C821D5B8C6A0026D9CF;
			remoteInfo = GetSwifty;
		};
		49AC8CA31D5B8C6B0026D9CF /* PBXContainerItemProxy */ = {
			isa = PBXContainerItemProxy;
			containerPortal = 49AC8C7B1D5B8C6A0026D9CF /* Project object */;
			proxyType = 1;
			remoteGlobalIDString = 49AC8C821D5B8C6A0026D9CF;
			remoteInfo = GetSwifty;
		};
/* End PBXContainerItemProxy section */

/* Begin PBXFileReference section */
		49AC8C831D5B8C6A0026D9CF /* GetSwifty.app */ = {isa = PBXFileReference; explicitFileType = wrapper.application; includeInIndex = 0; path = GetSwifty.app; sourceTree = BUILT_PRODUCTS_DIR; };
		49AC8C861D5B8C6A0026D9CF /* AppDelegate.swift */ = {isa = PBXFileReference; lastKnownFileType = sourcecode.swift; path = AppDelegate.swift; sourceTree = "<group>"; };
		49AC8C8B1D5B8C6A0026D9CF /* Base */ = {isa = PBXFileReference; lastKnownFileType = file.storyboard; name = Base; path = Base.lproj/Main.storyboard; sourceTree = "<group>"; };
		49AC8C8D1D5B8C6A0026D9CF /* Assets.xcassets */ = {isa = PBXFileReference; lastKnownFileType = folder.assetcatalog; path = Assets.xcassets; sourceTree = "<group>"; };
		49AC8C901D5B8C6A0026D9CF /* Base */ = {isa = PBXFileReference; lastKnownFileType = file.storyboard; name = Base; path = Base.lproj/LaunchScreen.storyboard; sourceTree = "<group>"; };
		49AC8C921D5B8C6A0026D9CF /* Info.plist */ = {isa = PBXFileReference; lastKnownFileType = text.plist.xml; path = Info.plist; sourceTree = "<group>"; };
		49AC8C971D5B8C6B0026D9CF /* GetSwiftyTests.xctest */ = {isa = PBXFileReference; explicitFileType = wrapper.cfbundle; includeInIndex = 0; path = GetSwiftyTests.xctest; sourceTree = BUILT_PRODUCTS_DIR; };
		49AC8C9B1D5B8C6B0026D9CF /* GetSwiftyTests.swift */ = {isa = PBXFileReference; lastKnownFileType = sourcecode.swift; path = GetSwiftyTests.swift; sourceTree = "<group>"; };
		49AC8C9D1D5B8C6B0026D9CF /* Info.plist */ = {isa = PBXFileReference; lastKnownFileType = text.plist.xml; path = Info.plist; sourceTree = "<group>"; };
		49AC8CA21D5B8C6B0026D9CF /* GetSwiftyUITests.xctest */ = {isa = PBXFileReference; explicitFileType = wrapper.cfbundle; includeInIndex = 0; path = GetSwiftyUITests.xctest; sourceTree = BUILT_PRODUCTS_DIR; };
		49AC8CA61D5B8C6B0026D9CF /* GetSwiftyUITests.swift */ = {isa = PBXFileReference; lastKnownFileType = sourcecode.swift; path = GetSwiftyUITests.swift; sourceTree = "<group>"; };
		49AC8CA81D5B8C6B0026D9CF /* Info.plist */ = {isa = PBXFileReference; lastKnownFileType = text.plist.xml; path = Info.plist; sourceTree = "<group>"; };
/* End PBXFileReference section */

/* Begin PBXFrameworksBuildPhase section */
		49AC8C801D5B8C6A0026D9CF /* Frameworks */ = {
			isa = PBXFrameworksBuildPhase;
			buildActionMask = 2147483647;
			files = (
			);
			runOnlyForDeploymentPostprocessing = 0;
		};
		49AC8C941D5B8C6B0026D9CF /* Frameworks */ = {
			isa = PBXFrameworksBuildPhase;
			buildActionMask = 2147483647;
			files = (
			);
			runOnlyForDeploymentPostprocessing = 0;
		};
		49AC8C9F1D5B8C6B0026D9CF /* Frameworks */ = {
			isa = PBXFrameworksBuildPhase;
			buildActionMask = 2147483647;
			files = (
			);
			runOnlyForDeploymentPostprocessing = 0;
		};
/* End PBXFrameworksBuildPhase section */

/* Begin PBXGroup section */
		49AC8C7A1D5B8C6A0026D9CF = {
			isa = PBXGroup;
			children = (
				49AC8C851D5B8C6A0026D9CF /* GetSwifty */,
				49AC8C9A1D5B8C6B0026D9CF /* GetSwiftyTests */,
				49AC8CA51D5B8C6B0026D9CF /* GetSwiftyUITests */,
				49AC8C841D5B8C6A0026D9CF /* Products */,
			);
			sourceTree = "<group>";
		};
		49AC8C841D5B8C6A0026D9CF /* Products */ = {
			isa = PBXGroup;
			children = (
				49AC8C831D5B8C6A0026D9CF /* GetSwifty.app */,
				49AC8C971D5B8C6B0026D9CF /* GetSwiftyTests.xctest */,
				49AC8CA21D5B8C6B0026D9CF /* GetSwiftyUITests.xctest */,
			);
			name = Products;
			sourceTree = "<group>";
		};
		49AC8C851D5B8C6A0026D9CF /* GetSwifty */ = {
			isa = PBXGroup;
			children = (
				49AC8C861D5B8C6A0026D9CF /* AppDelegate.swift */,
				49AC8C8A1D5B8C6A0026D9CF /* Main.storyboard */,
				49AC8C8D1D5B8C6A0026D9CF /* Assets.xcassets */,
				49AC8C8F1D5B8C6A0026D9CF /* LaunchScreen.storyboard */,
				49AC8C921D5B8C6A0026D9CF /* Info.plist */,
			);
			path = GetSwifty;
			sourceTree = "<group>";
		};
		49AC8C9A1D5B8C6B0026D9CF /* GetSwiftyTests */ = {
			isa = PBXGroup;
			children = (
				49AC8C9B1D5B8C6B0026D9CF /* GetSwiftyTests.swift */,
				49AC8C9D1D5B8C6B0026D9CF /* Info.plist */,
			);
			path = GetSwiftyTests;
			sourceTree = "<group>";
		};
		49AC8CA51D5B8C6B0026D9CF /* GetSwiftyUITests */ = {
			isa = PBXGroup;
			children = (
				49AC8CA61D5B8C6B0026D9CF /* GetSwiftyUITests.swift */,
				49AC8CA81D5B8C6B0026D9CF /* Info.plist */,
			);
			path = GetSwiftyUITests;
			sourceTree = "<group>";
		};
/* End PBXGroup section */

/* Begin PBXNativeTarget section */
		49AC8C821D5B8C6A0026D9CF /* GetSwifty */ = {
			isa = PBXNativeTarget;
			buildConfigurationList = 49AC8CAB1D5B8C6B0026D9CF /* Build configuration list for PBXNativeTarget "GetSwifty" */;
			buildPhases = (
				49AC8C7F1D5B8C6A0026D9CF /* Sources */,
				49AC8C801D5B8C6A0026D9CF /* Frameworks */,
				49AC8C811D5B8C6A0026D9CF /* Resources */,
			);
			buildRules = (
			);
			dependencies = (
			);
			name = GetSwifty;
			productName = GetSwifty;
			productReference = 49AC8C831D5B8C6A0026D9CF /* GetSwifty.app */;
			productType = "com.apple.product-type.application";
		};
		49AC8C961D5B8C6B0026D9CF /* GetSwiftyTests */ = {
			isa = PBXNativeTarget;
			buildConfigurationList = 49AC8CAE1D5B8C6B0026D9CF /* Build configuration list for PBXNativeTarget "GetSwiftyTests" */;
			buildPhases = (
				49AC8C931D5B8C6B0026D9CF /* Sources */,
				49AC8C941D5B8C6B0026D9CF /* Frameworks */,
				49AC8C951D5B8C6B0026D9CF /* Resources */,
			);
			buildRules = (
			);
			dependencies = (
				49AC8C991D5B8C6B0026D9CF /* PBXTargetDependency */,
			);
			name = GetSwiftyTests;
			productName = GetSwiftyTests;
			productReference = 49AC8C971D5B8C6B0026D9CF /* GetSwiftyTests.xctest */;
			productType = "com.apple.product-type.bundle.unit-test";
		};
		49AC8CA11D5B8C6B0026D9CF /* GetSwiftyUITests */ = {
			isa = PBXNativeTarget;
			buildConfigurationList = 49AC8CB11D5B8C6B0026D9CF /* Build configuration list for PBXNativeTarget "GetSwiftyUITests" */;
			buildPhases = (
				49AC8C9E1D5B8C6B0026D9CF /* Sources */,
				49AC8C9F1D5B8C6B0026D9CF /* Frameworks */,
				49AC8CA01D5B8C6B0026D9CF /* Resources */,
			);
			buildRules = (
			);
			dependencies = (
				49AC8CA41D5B8C6B0026D9CF /* PBXTargetDependency */,
			);
			name = GetSwiftyUITests;
			productName = GetSwiftyUITests;
			productReference = 49AC8CA21D5B8C6B0026D9CF /* GetSwiftyUITests.xctest */;
			productType = "com.apple.product-type.bundle.ui-testing";
		};
/* End PBXNativeTarget section */

/* Begin PBXProject section */
		49AC8C7B1D5B8C6A0026D9CF /* Project object */ = {
			isa = PBXProject;
			attributes = {
				LastSwiftUpdateCheck = 0730;
				LastUpgradeCheck = 0730;
				ORGANIZATIONNAME = "Andrew Sowers";
				TargetAttributes = {
					49AC8C821D5B8C6A0026D9CF = {
						CreatedOnToolsVersion = 7.3.1;
					};
					49AC8C961D5B8C6B0026D9CF = {
						CreatedOnToolsVersion = 7.3.1;
						TestTargetID = 49AC8C821D5B8C6A0026D9CF;
					};
					49AC8CA11D5B8C6B0026D9CF = {
						CreatedOnToolsVersion = 7.3.1;
						TestTargetID = 49AC8C821D5B8C6A0026D9CF;
					};
				};
			};
			buildConfigurationList = 49AC8C7E1D5B8C6A0026D9CF /* Build configuration list for PBXProject "GetSwifty" */;
			compatibilityVersion = "Xcode 3.2";
			developmentRegion = English;
			hasScannedForEncodings = 0;
			knownRegions = (
				en,
				Base,
			);
			mainGroup = 49AC8C7A1D5B8C6A0026D9CF;
			productRefGroup = 49AC8C841D5B8C6A0026D9CF /* Products */;
			projectDirPath = "";
			projectRoot = "";
			targets = (
				49AC8C821D5B8C6A0026D9CF /* GetSwifty */,
				49AC8C961D5B8C6B0026D9CF /* GetSwiftyTests */,
				49AC8CA11D5B8C6B0026D9CF /* GetSwiftyUITests */,
			);
		};
/* End PBXProject section */

/* Begin PBXResourcesBuildPhase section */
		49AC8C811D5B8C6A0026D9CF /* Resources */ = {
			isa = PBXResourcesBuildPhase;
			buildActionMask = 2147483647;
			files = (
				49AC8C911D5B8C6A0026D9CF /* LaunchScreen.storyboard in Resources */,
				49AC8C8E1D5B8C6A0026D9CF /* Assets.xcassets in Resources */,
				49AC8C8C1D5B8C6A0026D9CF /* Main.storyboard in Resources */,
			);
			runOnlyForDeploymentPostprocessing = 0;
		};
		49AC8C951D5B8C6B0026D9CF /* Resources */ = {
			isa = PBXResourcesBuildPhase;
			buildActionMask = 2147483647;
			files = (
			);
			runOnlyForDeploymentPostprocessing = 0;
		};
		49AC8CA01D5B8C6B0026D9CF /* Resources */ = {
			isa = PBXResourcesBuildPhase;
			buildActionMask = 2147483647;
			files = (
			);
			runOnlyForDeploymentPostprocessing = 0;
		};
/* End PBXResourcesBuildPhase section */

/* Begin PBXSourcesBuildPhase section */
		49AC8C7F1D5B8C6A0026D9CF /* Sources */ = {
			isa = PBXSourcesBuildPhase;
			buildActionMask = 2147483647;
			files = (
				49AC8C871D5B8C6A0026D9CF /* AppDelegate.swift in Sources */,
			);
			runOnlyForDeploymentPostprocessing = 0;
		};
		49AC8C931D5B8C6B0026D9CF /* Sources */ = {
			isa = PBXSourcesBuildPhase;
			buildActionMask = 2147483647;
			files = (
				49AC8C9C1D5B8C6B0026D9CF /* GetSwiftyTests.swift in Sources */,
			);
			runOnlyForDeploymentPostprocessing = 0;
		};
		49AC8C9E1D5B8C6B0026D9CF /* Sources */ = {
			isa = PBXSourcesBuildPhase;
			buildActionMask = 2147483647;
			files = (
				49AC8CA71D5B8C6B0026D9CF /* GetSwiftyUITests.swift in Sources */,
			);
			runOnlyForDeploymentPostprocessing = 0;
		};
/* End PBXSourcesBuildPhase section */

/* Begin PBXTargetDependency section */
		49AC8C991D5B8C6B0026D9CF /* PBXTargetDependency */ = {
			isa = PBXTargetDependency;
			target = 49AC8C821D5B8C6A0026D9CF /* GetSwifty */;
			targetProxy = 49AC8C981D5B8C6B0026D9CF /* PBXContainerItemProxy */;
		};
		49AC8CA41D5B8C6B0026D9CF /* PBXTargetDependency */ = {
			isa = PBXTargetDependency;
			target = 49AC8C821D5B8C6A0026D9CF /* GetSwifty */;
			targetProxy = 49AC8CA31D5B8C6B0026D9CF /* PBXContainerItemProxy */;
		};
/* End PBXTargetDependency section */

/* Begin PBXVariantGroup section */
		49AC8C8A1D5B8C6A0026D9CF /* Main.storyboard */ = {
			isa = PBXVariantGroup;
			children = (
				49AC8C8B1D5B8C6A0026D9CF /* Base */,
			);
			name = Main.storyboard;
			sourceTree = "<group>";
		};
		49AC8C8F1D5B8C6A0026D9CF /* LaunchScreen.storyboard */ = {
			isa = PBXVariantGroup;
			children = (
				49AC8C901D5B8C6A0026D9CF /* Base */,
			);
			name = LaunchScreen.storyboard;
			sourceTree = "<group>";
		};
/* End PBXVariantGroup section */

/* Begin XCBuildConfiguration section */
		49AC8CA91D5B8C6B0026D9CF /* Debug */ = {
			isa = XCBuildConfiguration;
			buildSettings = {
				ALWAYS_SEARCH_USER_PATHS = NO;
				CLANG_ANALYZER_NONNULL = YES;
				CLANG_CXX_LANGUAGE_STANDARD = "gnu++0x";
				CLANG_CXX_LIBRARY = "libc++";
				CLANG_ENABLE_MODULES = YES;
				CLANG_ENABLE_OBJC_ARC = YES;
				CLANG_WARN_BOOL_CONVERSION = YES;
				CLANG_WARN_CONSTANT_CONVERSION = YES;
				CLANG_WARN_DIRECT_OBJC_ISA_USAGE = YES_ERROR;
				CLANG_WARN_EMPTY_BODY = YES;
				CLANG_WARN_ENUM_CONVERSION = YES;
				CLANG_WARN_INT_CONVERSION = YES;
				CLANG_WARN_OBJC_ROOT_CLASS = YES_ERROR;
				CLANG_WARN_UNREACHABLE_CODE = YES;
				CLANG_WARN__DUPLICATE_METHOD_MATCH = YES;
				"CODE_SIGN_IDENTITY[sdk=iphoneos*]" = "iPhone Developer";
				COPY_PHASE_STRIP = NO;
				DEBUG_INFORMATION_FORMAT = dwarf;
				ENABLE_STRICT_OBJC_MSGSEND = YES;
				ENABLE_TESTABILITY = YES;
				GCC_C_LANGUAGE_STANDARD = gnu99;
				GCC_DYNAMIC_NO_PIC = NO;
				GCC_NO_COMMON_BLOCKS = YES;
				GCC_OPTIMIZATION_LEVEL = 0;
				GCC_PREPROCESSOR_DEFINITIONS = (
					"DEBUG=1",
					"$(inherited)",
				);
				GCC_WARN_64_TO_32_BIT_CONVERSION = YES;
				GCC_WARN_ABOUT_RETURN_TYPE = YES_ERROR;
				GCC_WARN_UNDECLARED_SELECTOR = YES;
				GCC_WARN_UNINITIALIZED_AUTOS = YES_AGGRESSIVE;
				GCC_WARN_UNUSED_FUNCTION = YES;
				GCC_WARN_UNUSED_VARIABLE = YES;
				IPHONEOS_DEPLOYMENT_TARGET = 9.3;
				MTL_ENABLE_DEBUG_INFO = YES;
				ONLY_ACTIVE_ARCH = YES;
				SDKROOT = iphoneos;
				SWIFT_OPTIMIZATION_LEVEL = "-Onone";
				TARGETED_DEVICE_FAMILY = "1,2";
			};
			name = Debug;
		};
		49AC8CAA1D5B8C6B0026D9CF /* Release */ = {
			isa = XCBuildConfiguration;
			buildSettings = {
				ALWAYS_SEARCH_USER_PATHS = NO;
				CLANG_ANALYZER_NONNULL = YES;
				CLANG_CXX_LANGUAGE_STANDARD = "gnu++0x";
				CLANG_CXX_LIBRARY = "libc++";
				CLANG_ENABLE_MODULES = YES;
				CLANG_ENABLE_OBJC_ARC = YES;
				CLANG_WARN_BOOL_CONVERSION = YES;
				CLANG_WARN_CONSTANT_CONVERSION = YES;
				CLANG_WARN_DIRECT_OBJC_ISA_USAGE = YES_ERROR;
				CLANG_WARN_EMPTY_BODY = YES;
				CLANG_WARN_ENUM_CONVERSION = YES;
				CLANG_WARN_INT_CONVERSION = YES;
				CLANG_WARN_OBJC_ROOT_CLASS = YES_ERROR;
				CLANG_WARN_UNREACHABLE_CODE = YES;
				CLANG_WARN__DUPLICATE_METHOD_MATCH = YES;
				"CODE_SIGN_IDENTITY[sdk=iphoneos*]" = "iPhone Developer";
				COPY_PHASE_STRIP = NO;
				DEBUG_INFORMATION_FORMAT = "dwarf-with-dsym";
				ENABLE_NS_ASSERTIONS = NO;
				ENABLE_STRICT_OBJC_MSGSEND = YES;
				GCC_C_LANGUAGE_STANDARD = gnu99;
				GCC_NO_COMMON_BLOCKS = YES;
				GCC_WARN_64_TO_32_BIT_CONVERSION = YES;
				GCC_WARN_ABOUT_RETURN_TYPE = YES_ERROR;
				GCC_WARN_UNDECLARED_SELECTOR = YES;
				GCC_WARN_UNINITIALIZED_AUTOS = YES_AGGRESSIVE;
				GCC_WARN_UNUSED_FUNCTION = YES;
				GCC_WARN_UNUSED_VARIABLE = YES;
				IPHONEOS_DEPLOYMENT_TARGET = 9.3;
				MTL_ENABLE_DEBUG_INFO = NO;
				SDKROOT = iphoneos;
				TARGETED_DEVICE_FAMILY = "1,2";
				VALIDATE_PRODUCT = YES;
			};
			name = Release;
		};
		49AC8CAC1D5B8C6B0026D9CF /* Debug */ = {
			isa = XCBuildConfiguration;
			buildSettings = {
				ASSETCATALOG_COMPILER_APPICON_NAME = AppIcon;
				INFOPLIST_FILE = GetSwifty/Info.plist;
				LD_RUNPATH_SEARCH_PATHS = "$(inherited) @executable_path/Frameworks";
				PRODUCT_BUNDLE_IDENTIFIER = com.andrew.GetSwifty;
				PRODUCT_NAME = "$(TARGET_NAME)";
			};
			name = Debug;
		};
		49AC8CAD1D5B8C6B0026D9CF /* Release */ = {
			isa = XCBuildConfiguration;
			buildSettings = {
				ASSETCATALOG_COMPILER_APPICON_NAME = AppIcon;
				INFOPLIST_FILE = GetSwifty/Info.plist;
				LD_RUNPATH_SEARCH_PATHS = "$(inherited) @executable_path/Frameworks";
				PRODUCT_BUNDLE_IDENTIFIER = com.andrew.GetSwifty;
				PRODUCT_NAME = "$(TARGET_NAME)";
			};
			name = Release;
		};
		49AC8CAF1D5B8C6B0026D9CF /* Debug */ = {
			isa = XCBuildConfiguration;
			buildSettings = {
				BUNDLE_LOADER = "$(TEST_HOST)";
				INFOPLIST_FILE = GetSwiftyTests/Info.plist;
				LD_RUNPATH_SEARCH_PATHS = "$(inherited) @executable_path/Frameworks @loader_path/Frameworks";
				PRODUCT_BUNDLE_IDENTIFIER = com.andrew.GetSwiftyTests;
				PRODUCT_NAME = "$(TARGET_NAME)";
				TEST_HOST = "$(BUILT_PRODUCTS_DIR)/GetSwifty.app/GetSwifty";
			};
			name = Debug;
		};
		49AC8CB01D5B8C6B0026D9CF /* Release */ = {
			isa = XCBuildConfiguration;
			buildSettings = {
				BUNDLE_LOADER = "$(TEST_HOST)";
				INFOPLIST_FILE = GetSwiftyTests/Info.plist;
				LD_RUNPATH_SEARCH_PATHS = "$(inherited) @executable_path/Frameworks @loader_path/Frameworks";
				PRODUCT_BUNDLE_IDENTIFIER = com.andrew.GetSwiftyTests;
				PRODUCT_NAME = "$(TARGET_NAME)";
				TEST_HOST = "$(BUILT_PRODUCTS_DIR)/GetSwifty.app/GetSwifty";
			};
			name = Release;
		};
		49AC8CB21D5B8C6B0026D9CF /* Debug */ = {
			isa = XCBuildConfiguration;
			buildSettings = {
				INFOPLIST_FILE = GetSwiftyUITests/Info.plist;
				LD_RUNPATH_SEARCH_PATHS = "$(inherited) @executable_path/Frameworks @loader_path/Frameworks";
				PRODUCT_BUNDLE_IDENTIFIER = com.andrew.GetSwiftyUITests;
				PRODUCT_NAME = "$(TARGET_NAME)";
				TEST_TARGET_NAME = GetSwifty;
			};
			name = Debug;
		};
		49AC8CB31D5B8C6B0026D9CF /* Release */ = {
			isa = XCBuildConfiguration;
			buildSettings = {
				INFOPLIST_FILE = GetSwiftyUITests/Info.plist;
				LD_RUNPATH_SEARCH_PATHS = "$(inherited) @executable_path/Frameworks @loader_path/Frameworks";
				PRODUCT_BUNDLE_IDENTIFIER = com.andrew.GetSwiftyUITests;
				PRODUCT_NAME = "$(TARGET_NAME)";
				TEST_TARGET_NAME = GetSwifty;
			};
			name = Release;
		};
/* End XCBuildConfiguration section */

/* Begin XCConfigurationList section */
		49AC8C7E1D5B8C6A0026D9CF /* Build configuration list for PBXProject "GetSwifty" */ = {
			isa = XCConfigurationList;
			buildConfigurations = (
				49AC8CA91D5B8C6B0026D9CF /* Debug */,
				49AC8CAA1D5B8C6B0026D9CF /* Release */,
			);
			defaultConfigurationIsVisible = 0;
			defaultConfigurationName = Release;
		};
		49AC8CAB1D5B8C6B0026D9CF /* Build configuration list for PBXNativeTarget "GetSwifty" */ = {
			isa = XCConfigurationList;
			buildConfigurations = (
				49AC8CAC1D5B8C6B0026D9CF /* Debug */,
				49AC8CAD1D5B8C6B0026D9CF /* Release */,
			);
			defaultConfigurationIsVisible = 0;
		};
		49AC8CAE1D5B8C6B0026D9CF /* Build configuration list for PBXNativeTarget "GetSwiftyTests" */ = {
			isa = XCConfigurationList;
			buildConfigurations = (
				49AC8CAF1D5B8C6B0026D9CF /* Debug */,
				49AC8CB01D5B8C6B0026D9CF /* Release */,
			);
			defaultConfigurationIsVisible = 0;
		};
		49AC8CB11D5B8C6B0026D9CF /* Build configuration list for PBXNativeTarget "GetSwiftyUITests" */ = {
			isa = XCConfigurationList;
			buildConfigurations = (
				49AC8CB21D5B8C6B0026D9CF /* Debug */,
				49AC8CB31D5B8C6B0026D9CF /* Release */,
			);
			defaultConfigurationIsVisible = 0;
		};
/* End XCConfigurationList section */
	};
	rootObject = 49AC8C7B1D5B8C6A0026D9CF /* Project object */;
}
